{
  "object": {
    "pins": [
      {
        "package": "swift-ast",
        "repositoryURL": "https://github.com/yanagiba/swift-ast",
        "state": {
          "branch": null,
          "revision": "e8507d78b32dbd33ea5ea975bbbc82b7613870a1",
          "version": "0.19.9"
        }
      },
      {
        "package": "swift-transform",
        "repositoryURL": "https://github.com/yanagiba/swift-transform",
        "state": {
          "branch": null,
          "revision": "b58a8317967099115faef82ab52d74f2b5430ef7",
          "version": "0.19.9"
        }
      }
    ]
  },
  "version": 1
}
