{
  "object": {
    "pins": [
      {
        "package": "bocho",
        "repositoryURL": "https://github.com/yanagiba/bocho",
        "state": {
          "branch": null,
          "revision": "11a60ae8509658ea38bbe166d9c4e9af4d411700",
          "version": "0.18.10"
        }
      },
      {
        "package": "swift-ast",
        "repositoryURL": "https://github.com/yanagiba/swift-ast",
        "state": {
          "branch": null,
          "revision": "295998ce223da98cab6b7189db22f0be3dfc0eb7",
          "version": "0.18.10"
        }
      },
      {
        "package": "swift-transform",
        "repositoryURL": "https://github.com/yanagiba/swift-transform",
        "state": {
          "branch": null,
          "revision": "45464c7747d97f320ca153b713affede11ce3bf4",
          "version": "0.18.10"
        }
      }
    ]
  },
  "version": 1
}
